
Microsoft Visual Studio Solution File, Format Version 12.00
# Visual Studio Version 17
VisualStudioVersion = 17.11.35219.272
MinimumVisualStudioVersion = 10.0.40219.1
Project("{FAE04EC0-301F-11D3-BF4B-00C04F79EFBC}") = "01_MainSubjects", "01_MainSubjects\01_MainSubjects.csproj", "{1F3719F4-A28B-486D-97CC-D498C2281664}"
EndProject
Project("{FAE04EC0-301F-11D3-BF4B-00C04F79EFBC}") = "02_Variables", "02_Variables\02_Variables.csproj", "{904F85DB-57A8-4748-8133-A7DE04330140}"
EndProject
Global
	GlobalSection(SolutionConfigurationPlatforms) = preSolution
		Debug|Any CPU = Debug|Any CPU
		Release|Any CPU = Release|Any CPU
	EndGlobalSection
	GlobalSection(ProjectConfigurationPlatforms) = postSolution
		{1F3719F4-A28B-486D-97CC-D498C2281664}.Debug|Any CPU.ActiveCfg = Debug|Any CPU
		{1F3719F4-A28B-486D-97CC-D498C2281664}.Debug|Any CPU.Build.0 = Debug|Any CPU
		{1F3719F4-A28B-486D-97CC-D498C2281664}.Release|Any CPU.ActiveCfg = Release|Any CPU
		{1F3719F4-A28B-486D-97CC-D498C2281664}.Release|Any CPU.Build.0 = Release|Any CPU
		{904F85DB-57A8-4748-8133-A7DE04330140}.Debug|Any CPU.ActiveCfg = Debug|Any CPU
		{904F85DB-57A8-4748-8133-A7DE04330140}.Debug|Any CPU.Build.0 = Debug|Any CPU
		{904F85DB-57A8-4748-8133-A7DE04330140}.Release|Any CPU.ActiveCfg = Release|Any CPU
		{904F85DB-57A8-4748-8133-A7DE04330140}.Release|Any CPU.Build.0 = Release|Any CPU
	EndGlobalSection
	GlobalSection(SolutionProperties) = preSolution
		HideSolutionNode = FALSE
	EndGlobalSection
	GlobalSection(ExtensibilityGlobals) = postSolution
		SolutionGuid = {F7C8A1FB-E2FA-4F0D-A582-4B201AA5BABA}
	EndGlobalSection
EndGlobal
